NeoBundleLock vim-endwise 96eb11755bb2d1a5583d44e9bcd10481bca45693
NeoBundleLock ruby-matchit c4d8079287fc8d804d2a92bcb66964d673666540
NeoBundleLock neosnippet.vim 23327c4379b45798fb5b3e644adb77208c8ce68d
NeoBundleLock alpaca_tags fa0c84df912a4ef4d8c53b4d9327f12d49f4b186
NeoBundleLock neobundle.vim 4a3bb7fb323b62f571c22ff15139fe996dc60ac8
NeoBundleLock nyan-modoki.vim 383c58321508bb486a063a24153da9359281a544
NeoBundleLock unite.vim bc48c2b00d457437585bc1d12f006bdeef7f9a3d
NeoBundleLock switch.vim 4e8bf429613e85c568c382c0612ef32e4c0eaa28
